
Microsoft Visual Studio Solution File, Format Version 12.00
# Visual Studio Version 17
VisualStudioVersion = 17.7.33906.173
MinimumVisualStudioVersion = 10.0.40219.1
Project("{FAE04EC0-301F-11D3-BF4B-00C04F79EFBC}") = "CollectionView.Footer.Bug", "CollectionView.Footer.Bug\CollectionView.Footer.Bug.csproj", "{5F8FD911-E8A3-4E3A-AC9A-9FD566B4A760}"
EndProject
Global
	GlobalSection(SolutionConfigurationPlatforms) = preSolution
		Debug|Any CPU = Debug|Any CPU
		Release|Any CPU = Release|Any CPU
	EndGlobalSection
	GlobalSection(ProjectConfigurationPlatforms) = postSolution
		{5F8FD911-E8A3-4E3A-AC9A-9FD566B4A760}.Debug|Any CPU.ActiveCfg = Debug|Any CPU
		{5F8FD911-E8A3-4E3A-AC9A-9FD566B4A760}.Debug|Any CPU.Build.0 = Debug|Any CPU
		{5F8FD911-E8A3-4E3A-AC9A-9FD566B4A760}.Debug|Any CPU.Deploy.0 = Debug|Any CPU
		{5F8FD911-E8A3-4E3A-AC9A-9FD566B4A760}.Release|Any CPU.ActiveCfg = Release|Any CPU
		{5F8FD911-E8A3-4E3A-AC9A-9FD566B4A760}.Release|Any CPU.Build.0 = Release|Any CPU
		{5F8FD911-E8A3-4E3A-AC9A-9FD566B4A760}.Release|Any CPU.Deploy.0 = Release|Any CPU
	EndGlobalSection
	GlobalSection(SolutionProperties) = preSolution
		HideSolutionNode = FALSE
	EndGlobalSection
	GlobalSection(ExtensibilityGlobals) = postSolution
		SolutionGuid = {40AA1F26-F9E4-4079-9D68-81EEA8C3247C}
	EndGlobalSection
EndGlobal
